
Microsoft Visual Studio Solution File, Format Version 12.00
# Visual Studio Version 16
VisualStudioVersion = 16.0.31605.320
MinimumVisualStudioVersion = 10.0.40219.1
Project("{8BC9CEB8-8B4A-11D0-8D11-00A0C91BC942}") = "Workshop5", "Workshop5\Workshop5.vcxproj", "{E85F43C6-A634-46D3-87F0-CDBD1934E4F7}"
EndProject
Global
	GlobalSection(SolutionConfigurationPlatforms) = preSolution
		Debug|x64 = Debug|x64
		Debug|x86 = Debug|x86
		Release|x64 = Release|x64
		Release|x86 = Release|x86
	EndGlobalSection
	GlobalSection(ProjectConfigurationPlatforms) = postSolution
		{E85F43C6-A634-46D3-87F0-CDBD1934E4F7}.Debug|x64.ActiveCfg = Debug|x64
		{E85F43C6-A634-46D3-87F0-CDBD1934E4F7}.Debug|x64.Build.0 = Debug|x64
		{E85F43C6-A634-46D3-87F0-CDBD1934E4F7}.Debug|x86.ActiveCfg = Debug|Win32
		{E85F43C6-A634-46D3-87F0-CDBD1934E4F7}.Debug|x86.Build.0 = Debug|Win32
		{E85F43C6-A634-46D3-87F0-CDBD1934E4F7}.Release|x64.ActiveCfg = Release|x64
		{E85F43C6-A634-46D3-87F0-CDBD1934E4F7}.Release|x64.Build.0 = Release|x64
		{E85F43C6-A634-46D3-87F0-CDBD1934E4F7}.Release|x86.ActiveCfg = Release|Win32
		{E85F43C6-A634-46D3-87F0-CDBD1934E4F7}.Release|x86.Build.0 = Release|Win32
	EndGlobalSection
	GlobalSection(SolutionProperties) = preSolution
		HideSolutionNode = FALSE
	EndGlobalSection
	GlobalSection(ExtensibilityGlobals) = postSolution
		SolutionGuid = {3336A6E0-8C21-4B23-9104-D01BB8F7AC0A}
	EndGlobalSection
EndGlobal
